// !$*UTF8*$!
{
	archiveVersion = 1;
	classes = {
	};
	objectVersion = 51;
	objects = {

/* Begin PBXBuildFile section */
		0134E761C1BE49DF4E83A308 /* Pods_StockFortunes.framework in Frameworks */ = {isa = PBXBuildFile; fileRef = F77CCED8EF7DC568CC8C0701 /* Pods_StockFortunes.framework */; };
		F2018AF325DBFF180018D973 /* StockModel.swift in Sources */ = {isa = PBXBuildFile; fileRef = F2018AF225DBFF180018D973 /* StockModel.swift */; };
		F210E7F52609186E000B615A /* SaveLoadData.swift in Sources */ = {isa = PBXBuildFile; fileRef = F210E7F42609186E000B615A /* SaveLoadData.swift */; };
		F21EFD2E265C3310002EF58D /* QuotesViewController.swift in Sources */ = {isa = PBXBuildFile; fileRef = F21EFD2D265C3310002EF58D /* QuotesViewController.swift */; };
		F2489EEA260A68A800E2C1AB /* StocksDB.swift in Sources */ = {isa = PBXBuildFile; fileRef = F2489EE9260A68A800E2C1AB /* StocksDB.swift */; };
		F24B8E6F265D6E9000C661C0 /* QuotesPresenter.swift in Sources */ = {isa = PBXBuildFile; fileRef = F24B8E6E265D6E9000C661C0 /* QuotesPresenter.swift */; };
		F2563F2225FE338A008A34EA /* nke_Search.json in Resources */ = {isa = PBXBuildFile; fileRef = F2563F2125FE338A008A34EA /* nke_Search.json */; };
		F2563F2625FE5586008A34EA /* Mocks.swift in Sources */ = {isa = PBXBuildFile; fileRef = F2563F2525FE5586008A34EA /* Mocks.swift */; };
		F262E2EA2605392A00FBFBAB /* AAPL_1mo.json in Resources */ = {isa = PBXBuildFile; fileRef = F262E2E92605392A00FBFBAB /* AAPL_1mo.json */; };
		F262E2F02605415600FBFBAB /* AAPL_3mo.json in Resources */ = {isa = PBXBuildFile; fileRef = F262E2EF2605415600FBFBAB /* AAPL_3mo.json */; };
		F262E2F72606751D00FBFBAB /* AAPL_1wk.json in Resources */ = {isa = PBXBuildFile; fileRef = F262E2F62606751D00FBFBAB /* AAPL_1wk.json */; };
		F262E2FB2606778800FBFBAB /* AAPL_1d.json in Resources */ = {isa = PBXBuildFile; fileRef = F262E2FA2606778800FBFBAB /* AAPL_1d.json */; };
		F262E2FF2606835000FBFBAB /* PointsEnums.swift in Sources */ = {isa = PBXBuildFile; fileRef = F262E2FE2606835000FBFBAB /* PointsEnums.swift */; };
		F26E0A52265C371000DBFCC2 /* QuotesProtocols.swift in Sources */ = {isa = PBXBuildFile; fileRef = F26E0A51265C371000DBFCC2 /* QuotesProtocols.swift */; };
		F2754F2F25DE891A00427C99 /* ServiceConstants.swift in Sources */ = {isa = PBXBuildFile; fileRef = F2754F2E25DE891A00427C99 /* ServiceConstants.swift */; };
		F2754F3425DE893700427C99 /* Constants.swift in Sources */ = {isa = PBXBuildFile; fileRef = F2754F3325DE893700427C99 /* Constants.swift */; };
		F2754F4125DE90F300427C99 /* ErrorKey.swift in Sources */ = {isa = PBXBuildFile; fileRef = F2754F4025DE90F300427C99 /* ErrorKey.swift */; };
		F2754F4425DE936600427C99 /* String+Extensions.swift in Sources */ = {isa = PBXBuildFile; fileRef = F2754F4325DE936600427C99 /* String+Extensions.swift */; };
		F275508325DF945B00427C99 /* ServiceEndPoint.swift in Sources */ = {isa = PBXBuildFile; fileRef = F275508225DF945B00427C99 /* ServiceEndPoint.swift */; };
		F275508925DF989800427C99 /* EndPointType.swift in Sources */ = {isa = PBXBuildFile; fileRef = F275508825DF989800427C99 /* EndPointType.swift */; };
		F275508C25DF98B600427C99 /* HTTPMethod.swift in Sources */ = {isa = PBXBuildFile; fileRef = F275508B25DF98B600427C99 /* HTTPMethod.swift */; };
		F275508F25DF98D300427C99 /* HTTPTask.swift in Sources */ = {isa = PBXBuildFile; fileRef = F275508E25DF98D300427C99 /* HTTPTask.swift */; };
		F275509325DFA39C00427C99 /* ParameterEncoding.swift in Sources */ = {isa = PBXBuildFile; fileRef = F275509225DFA39C00427C99 /* ParameterEncoding.swift */; };
		F275509725DFA3C700427C99 /* URLParameterEncoding.swift in Sources */ = {isa = PBXBuildFile; fileRef = F275509625DFA3C700427C99 /* URLParameterEncoding.swift */; };
		F275509A25DFA41000427C99 /* JSONParameterEncoder.swift in Sources */ = {isa = PBXBuildFile; fileRef = F275509925DFA41000427C99 /* JSONParameterEncoder.swift */; };
		F275509E25DFA48F00427C99 /* NetworkManager.swift in Sources */ = {isa = PBXBuildFile; fileRef = F275509D25DFA48F00427C99 /* NetworkManager.swift */; };
		F27550A125DFAA9700427C99 /* Router.swift in Sources */ = {isa = PBXBuildFile; fileRef = F27550A025DFAA9700427C99 /* Router.swift */; };
		F27550A425DFAB0000427C99 /* NetworkLogger.swift in Sources */ = {isa = PBXBuildFile; fileRef = F27550A325DFAB0000427C99 /* NetworkLogger.swift */; };
		F27550AF25DFC6D400427C99 /* initialStocks.json in Resources */ = {isa = PBXBuildFile; fileRef = F27550AB25DFC6D400427C99 /* initialStocks.json */; };
		F27550B025DFC6D400427C99 /* News_3.json in Resources */ = {isa = PBXBuildFile; fileRef = F27550AC25DFC6D400427C99 /* News_3.json */; };
		F27550B225DFC6D400427C99 /* MostWatched_2.json in Resources */ = {isa = PBXBuildFile; fileRef = F27550AE25DFC6D400427C99 /* MostWatched_2.json */; };
		F27550B725DFD0B500427C99 /* PeersModel.swift in Sources */ = {isa = PBXBuildFile; fileRef = F27550B625DFD0B500427C99 /* PeersModel.swift */; };
		F27550BC25E017C500427C99 /* PeersList.json in Resources */ = {isa = PBXBuildFile; fileRef = F27550BA25E017C500427C99 /* PeersList.json */; };
		F27550BD25E017C500427C99 /* ProfileQuote.json in Resources */ = {isa = PBXBuildFile; fileRef = F27550BB25E017C500427C99 /* ProfileQuote.json */; };
		F27550D925E1273300427C99 /* QuoteList_testing.json in Resources */ = {isa = PBXBuildFile; fileRef = F27550D825E1273300427C99 /* QuoteList_testing.json */; };
		F277571A260D27690018FB7B /* AAPL_1h.json in Resources */ = {isa = PBXBuildFile; fileRef = F2775719260D27690018FB7B /* AAPL_1h.json */; };
		F286CDF425DBB4A700DC3DF9 /* AppDelegate.swift in Sources */ = {isa = PBXBuildFile; fileRef = F286CDF325DBB4A700DC3DF9 /* AppDelegate.swift */; };
		F286CDF625DBB4A700DC3DF9 /* SceneDelegate.swift in Sources */ = {isa = PBXBuildFile; fileRef = F286CDF525DBB4A700DC3DF9 /* SceneDelegate.swift */; };
		F286CDF825DBB4A700DC3DF9 /* StocksListViewController.swift in Sources */ = {isa = PBXBuildFile; fileRef = F286CDF725DBB4A700DC3DF9 /* StocksListViewController.swift */; };
		F286CDFB25DBB4A700DC3DF9 /* Main.storyboard in Resources */ = {isa = PBXBuildFile; fileRef = F286CDF925DBB4A700DC3DF9 /* Main.storyboard */; };
		F286CDFD25DBB4A900DC3DF9 /* Assets.xcassets in Resources */ = {isa = PBXBuildFile; fileRef = F286CDFC25DBB4A900DC3DF9 /* Assets.xcassets */; };
		F286CE0025DBB4A900DC3DF9 /* LaunchScreen.storyboard in Resources */ = {isa = PBXBuildFile; fileRef = F286CDFE25DBB4A900DC3DF9 /* LaunchScreen.storyboard */; };
		F2941CB626027F12007E4F0A /* PointsViewModel.swift in Sources */ = {isa = PBXBuildFile; fileRef = F2941CB526027F12007E4F0A /* PointsViewModel.swift */; };
		F29D073D2688929B008F8AAE /* Quotes.swift in Sources */ = {isa = PBXBuildFile; fileRef = F29D073C2688929B008F8AAE /* Quotes.swift */; };
		F29D07402688A7AB008F8AAE /* get_quotes.json in Resources */ = {isa = PBXBuildFile; fileRef = F29D073F2688A7AB008F8AAE /* get_quotes.json */; };
		F29D07432688BF34008F8AAE /* QuotesService.swift in Sources */ = {isa = PBXBuildFile; fileRef = F29D07422688BF34008F8AAE /* QuotesService.swift */; };
		F29D07452688FB73008F8AAE /* QuotesList.swift in Sources */ = {isa = PBXBuildFile; fileRef = F29D07442688FB73008F8AAE /* QuotesList.swift */; };
		F29D0747268A2119008F8AAE /* QuotesListLayout.swift in Sources */ = {isa = PBXBuildFile; fileRef = F29D0746268A2119008F8AAE /* QuotesListLayout.swift */; };
		F29DDD1025FA8CAF00A3796F /* SummaryViewModel.swift in Sources */ = {isa = PBXBuildFile; fileRef = F29DDD0F25FA8CAF00A3796F /* SummaryViewModel.swift */; };
		F2B3215C25DC3A8E002CAA14 /* StockViewModel.swift in Sources */ = {isa = PBXBuildFile; fileRef = F2B3215B25DC3A8E002CAA14 /* StockViewModel.swift */; };
		F2B3216125DC3EC9002CAA14 /* UIView+Extensions.swift in Sources */ = {isa = PBXBuildFile; fileRef = F2B3216025DC3EC9002CAA14 /* UIView+Extensions.swift */; };
		F2B3217325DC5623002CAA14 /* QuoteSnippet.swift in Sources */ = {isa = PBXBuildFile; fileRef = F2B3217225DC5623002CAA14 /* QuoteSnippet.swift */; };
		F2B3217825DD315B002CAA14 /* MainBuilder.swift in Sources */ = {isa = PBXBuildFile; fileRef = F2B3217725DD315B002CAA14 /* MainBuilder.swift */; };
		F2C9989B25E2579800810D2F /* Codable+Extensions.swift in Sources */ = {isa = PBXBuildFile; fileRef = F2C9989A25E2579800810D2F /* Codable+Extensions.swift */; };
		F2C998B325E57BB600810D2F /* FilterHeaderViewModel.swift in Sources */ = {isa = PBXBuildFile; fileRef = F2C998B225E57BB600810D2F /* FilterHeaderViewModel.swift */; };
		F2C998B625E57CC600810D2F /* HeaderFilterCell.swift in Sources */ = {isa = PBXBuildFile; fileRef = F2C998B525E57CC600810D2F /* HeaderFilterCell.swift */; };
		F2C998B925E57D6E00810D2F /* HeaderFilterView.swift in Sources */ = {isa = PBXBuildFile; fileRef = F2C998B825E57D6E00810D2F /* HeaderFilterView.swift */; };
		F2CC4F24266D283C005B966D /* QuotesInteractor.swift in Sources */ = {isa = PBXBuildFile; fileRef = F2CC4F23266D283C005B966D /* QuotesInteractor.swift */; };
		F2CC4F27266D48CB005B966D /* QuotesRouter.swift in Sources */ = {isa = PBXBuildFile; fileRef = F2CC4F26266D48CB005B966D /* QuotesRouter.swift */; };
		F2E1B29E25F93CBB00353EFC /* AAPL_Summary.json in Resources */ = {isa = PBXBuildFile; fileRef = F2E1B29D25F93CBB00353EFC /* AAPL_Summary.json */; };
		F2E1B2A125F93FB400353EFC /* YNDX_Summary.json in Resources */ = {isa = PBXBuildFile; fileRef = F2E1B2A025F93FB400353EFC /* YNDX_Summary.json */; };
		F2E1B2A425F9442700353EFC /* SummaryModel.swift in Sources */ = {isa = PBXBuildFile; fileRef = F2E1B2A325F9442700353EFC /* SummaryModel.swift */; };
		F2E9FF8025F00B9100531AD5 /* ChartViewController.swift in Sources */ = {isa = PBXBuildFile; fileRef = F2E9FF7F25F00B9100531AD5 /* ChartViewController.swift */; };
		F2E9FF8325F00BD300531AD5 /* SummaryViewController.swift in Sources */ = {isa = PBXBuildFile; fileRef = F2E9FF8225F00BD300531AD5 /* SummaryViewController.swift */; };
		F2EB70CC25FD11BC0032550E /* NewsCell.swift in Sources */ = {isa = PBXBuildFile; fileRef = F2EB70CB25FD11BC0032550E /* NewsCell.swift */; };
		F2EB70CF25FD26500032550E /* AAPL_News.json in Resources */ = {isa = PBXBuildFile; fileRef = F2EB70CE25FD26500032550E /* AAPL_News.json */; };
		F2EB70D225FD26B50032550E /* NewsModel.swift in Sources */ = {isa = PBXBuildFile; fileRef = F2EB70D125FD26B50032550E /* NewsModel.swift */; };
		F2EB70D525FD27D40032550E /* NewsViewModel.swift in Sources */ = {isa = PBXBuildFile; fileRef = F2EB70D425FD27D40032550E /* NewsViewModel.swift */; };
		F2F4D03225F38A700033CBE3 /* CoordinateModel.swift in Sources */ = {isa = PBXBuildFile; fileRef = F2F4D03125F38A700033CBE3 /* CoordinateModel.swift */; };
		F2F6629D25F4DD1300B2F947 /* EpochButtonCell.swift in Sources */ = {isa = PBXBuildFile; fileRef = F2F6629C25F4DD1300B2F947 /* EpochButtonCell.swift */; };
		F2F662A225F62DAA00B2F947 /* EpochCollectionView.swift in Sources */ = {isa = PBXBuildFile; fileRef = F2F662A125F62DAA00B2F947 /* EpochCollectionView.swift */; };
		F2FB4C9325F13B69005027B2 /* StockContainerViewController.swift in Sources */ = {isa = PBXBuildFile; fileRef = F2FB4C9225F13B69005027B2 /* StockContainerViewController.swift */; };
		F2FB4C9725F13BA3005027B2 /* NewsViewController.swift in Sources */ = {isa = PBXBuildFile; fileRef = F2FB4C9625F13BA3005027B2 /* NewsViewController.swift */; };
		F2FCED75260116950051D077 /* CustomFlowLayout.swift in Sources */ = {isa = PBXBuildFile; fileRef = F2FCED74260116950051D077 /* CustomFlowLayout.swift */; };
		F2FF3D1125ED6BF800300286 /* StockHeaderView.swift in Sources */ = {isa = PBXBuildFile; fileRef = F2FF3D1025ED6BF800300286 /* StockHeaderView.swift */; };
		F2FF3D1525ED6D2F00300286 /* StockHeaderCell.swift in Sources */ = {isa = PBXBuildFile; fileRef = F2FF3D1425ED6D2F00300286 /* StockHeaderCell.swift */; };
/* End PBXBuildFile section */

/* Begin PBXFileReference section */
		3B62AEABFAEB6E89CE09B3B6 /* Pods-StockFortunes.release.xcconfig */ = {isa = PBXFileReference; includeInIndex = 1; lastKnownFileType = text.xcconfig; name = "Pods-StockFortunes.release.xcconfig"; path = "Target Support Files/Pods-StockFortunes/Pods-StockFortunes.release.xcconfig"; sourceTree = "<group>"; };
		A820EB83294F09D31BEC1B36 /* Pods-StockFortunes.debug.xcconfig */ = {isa = PBXFileReference; includeInIndex = 1; lastKnownFileType = text.xcconfig; name = "Pods-StockFortunes.debug.xcconfig"; path = "Target Support Files/Pods-StockFortunes/Pods-StockFortunes.debug.xcconfig"; sourceTree = "<group>"; };
		F2018AF225DBFF180018D973 /* StockModel.swift */ = {isa = PBXFileReference; lastKnownFileType = sourcecode.swift; path = StockModel.swift; sourceTree = "<group>"; };
		F210E7F42609186E000B615A /* SaveLoadData.swift */ = {isa = PBXFileReference; lastKnownFileType = sourcecode.swift; path = SaveLoadData.swift; sourceTree = "<group>"; };
		F21EFD2D265C3310002EF58D /* QuotesViewController.swift */ = {isa = PBXFileReference; lastKnownFileType = sourcecode.swift; path = QuotesViewController.swift; sourceTree = "<group>"; };
		F2489EE9260A68A800E2C1AB /* StocksDB.swift */ = {isa = PBXFileReference; lastKnownFileType = sourcecode.swift; path = StocksDB.swift; sourceTree = "<group>"; };
		F24B8E6E265D6E9000C661C0 /* QuotesPresenter.swift */ = {isa = PBXFileReference; lastKnownFileType = sourcecode.swift; path = QuotesPresenter.swift; sourceTree = "<group>"; };
		F2563F2125FE338A008A34EA /* nke_Search.json */ = {isa = PBXFileReference; fileEncoding = 4; lastKnownFileType = text.json; path = nke_Search.json; sourceTree = "<group>"; };
		F2563F2525FE5586008A34EA /* Mocks.swift */ = {isa = PBXFileReference; lastKnownFileType = sourcecode.swift; path = Mocks.swift; sourceTree = "<group>"; };
		F262E2E92605392A00FBFBAB /* AAPL_1mo.json */ = {isa = PBXFileReference; fileEncoding = 4; lastKnownFileType = text.json; path = AAPL_1mo.json; sourceTree = "<group>"; };
		F262E2EF2605415600FBFBAB /* AAPL_3mo.json */ = {isa = PBXFileReference; fileEncoding = 4; lastKnownFileType = text.json; path = AAPL_3mo.json; sourceTree = "<group>"; };
		F262E2F62606751D00FBFBAB /* AAPL_1wk.json */ = {isa = PBXFileReference; fileEncoding = 4; lastKnownFileType = text.json; path = AAPL_1wk.json; sourceTree = "<group>"; };
		F262E2FA2606778800FBFBAB /* AAPL_1d.json */ = {isa = PBXFileReference; fileEncoding = 4; lastKnownFileType = text.json; path = AAPL_1d.json; sourceTree = "<group>"; };
		F262E2FE2606835000FBFBAB /* PointsEnums.swift */ = {isa = PBXFileReference; lastKnownFileType = sourcecode.swift; path = PointsEnums.swift; sourceTree = "<group>"; };
		F26E0A51265C371000DBFCC2 /* QuotesProtocols.swift */ = {isa = PBXFileReference; lastKnownFileType = sourcecode.swift; path = QuotesProtocols.swift; sourceTree = "<group>"; };
		F2754F2E25DE891A00427C99 /* ServiceConstants.swift */ = {isa = PBXFileReference; lastKnownFileType = sourcecode.swift; path = ServiceConstants.swift; sourceTree = "<group>"; };
		F2754F3325DE893700427C99 /* Constants.swift */ = {isa = PBXFileReference; lastKnownFileType = sourcecode.swift; path = Constants.swift; sourceTree = "<group>"; };
		F2754F4025DE90F300427C99 /* ErrorKey.swift */ = {isa = PBXFileReference; lastKnownFileType = sourcecode.swift; path = ErrorKey.swift; sourceTree = "<group>"; };
		F2754F4325DE936600427C99 /* String+Extensions.swift */ = {isa = PBXFileReference; lastKnownFileType = sourcecode.swift; path = "String+Extensions.swift"; sourceTree = "<group>"; };
		F275508225DF945B00427C99 /* ServiceEndPoint.swift */ = {isa = PBXFileReference; lastKnownFileType = sourcecode.swift; path = ServiceEndPoint.swift; sourceTree = "<group>"; };
		F275508825DF989800427C99 /* EndPointType.swift */ = {isa = PBXFileReference; lastKnownFileType = sourcecode.swift; path = EndPointType.swift; sourceTree = "<group>"; };
		F275508B25DF98B600427C99 /* HTTPMethod.swift */ = {isa = PBXFileReference; lastKnownFileType = sourcecode.swift; path = HTTPMethod.swift; sourceTree = "<group>"; };
		F275508E25DF98D300427C99 /* HTTPTask.swift */ = {isa = PBXFileReference; lastKnownFileType = sourcecode.swift; path = HTTPTask.swift; sourceTree = "<group>"; };
		F275509225DFA39C00427C99 /* ParameterEncoding.swift */ = {isa = PBXFileReference; lastKnownFileType = sourcecode.swift; path = ParameterEncoding.swift; sourceTree = "<group>"; };
		F275509625DFA3C700427C99 /* URLParameterEncoding.swift */ = {isa = PBXFileReference; lastKnownFileType = sourcecode.swift; path = URLParameterEncoding.swift; sourceTree = "<group>"; };
		F275509925DFA41000427C99 /* JSONParameterEncoder.swift */ = {isa = PBXFileReference; lastKnownFileType = sourcecode.swift; path = JSONParameterEncoder.swift; sourceTree = "<group>"; };
		F275509D25DFA48F00427C99 /* NetworkManager.swift */ = {isa = PBXFileReference; lastKnownFileType = sourcecode.swift; path = NetworkManager.swift; sourceTree = "<group>"; };
		F27550A025DFAA9700427C99 /* Router.swift */ = {isa = PBXFileReference; lastKnownFileType = sourcecode.swift; path = Router.swift; sourceTree = "<group>"; };
		F27550A325DFAB0000427C99 /* NetworkLogger.swift */ = {isa = PBXFileReference; lastKnownFileType = sourcecode.swift; path = NetworkLogger.swift; sourceTree = "<group>"; };
		F27550AB25DFC6D400427C99 /* initialStocks.json */ = {isa = PBXFileReference; fileEncoding = 4; lastKnownFileType = text.json; path = initialStocks.json; sourceTree = "<group>"; };
		F27550AC25DFC6D400427C99 /* News_3.json */ = {isa = PBXFileReference; fileEncoding = 4; lastKnownFileType = text.json; path = News_3.json; sourceTree = "<group>"; };
		F27550AE25DFC6D400427C99 /* MostWatched_2.json */ = {isa = PBXFileReference; fileEncoding = 4; lastKnownFileType = text.json; path = MostWatched_2.json; sourceTree = "<group>"; };
		F27550B625DFD0B500427C99 /* PeersModel.swift */ = {isa = PBXFileReference; lastKnownFileType = sourcecode.swift; path = PeersModel.swift; sourceTree = "<group>"; };
		F27550BA25E017C500427C99 /* PeersList.json */ = {isa = PBXFileReference; fileEncoding = 4; lastKnownFileType = text.json; path = PeersList.json; sourceTree = "<group>"; };
		F27550BB25E017C500427C99 /* ProfileQuote.json */ = {isa = PBXFileReference; fileEncoding = 4; lastKnownFileType = text.json; path = ProfileQuote.json; sourceTree = "<group>"; };
		F27550D825E1273300427C99 /* QuoteList_testing.json */ = {isa = PBXFileReference; fileEncoding = 4; lastKnownFileType = text.json; path = QuoteList_testing.json; sourceTree = "<group>"; };
		F2775719260D27690018FB7B /* AAPL_1h.json */ = {isa = PBXFileReference; fileEncoding = 4; lastKnownFileType = text.json; path = AAPL_1h.json; sourceTree = "<group>"; };
		F286CDF025DBB4A700DC3DF9 /* StockFortunes.app */ = {isa = PBXFileReference; explicitFileType = wrapper.application; includeInIndex = 0; path = StockFortunes.app; sourceTree = BUILT_PRODUCTS_DIR; };
		F286CDF325DBB4A700DC3DF9 /* AppDelegate.swift */ = {isa = PBXFileReference; lastKnownFileType = sourcecode.swift; path = AppDelegate.swift; sourceTree = "<group>"; };
		F286CDF525DBB4A700DC3DF9 /* SceneDelegate.swift */ = {isa = PBXFileReference; lastKnownFileType = sourcecode.swift; path = SceneDelegate.swift; sourceTree = "<group>"; };
		F286CDF725DBB4A700DC3DF9 /* StocksListViewController.swift */ = {isa = PBXFileReference; lastKnownFileType = sourcecode.swift; path = StocksListViewController.swift; sourceTree = "<group>"; };
		F286CDFA25DBB4A700DC3DF9 /* Base */ = {isa = PBXFileReference; lastKnownFileType = file.storyboard; name = Base; path = Base.lproj/Main.storyboard; sourceTree = "<group>"; };
		F286CDFC25DBB4A900DC3DF9 /* Assets.xcassets */ = {isa = PBXFileReference; lastKnownFileType = folder.assetcatalog; path = Assets.xcassets; sourceTree = "<group>"; };
		F286CDFF25DBB4A900DC3DF9 /* Base */ = {isa = PBXFileReference; lastKnownFileType = file.storyboard; name = Base; path = Base.lproj/LaunchScreen.storyboard; sourceTree = "<group>"; };
		F286CE0125DBB4A900DC3DF9 /* Info.plist */ = {isa = PBXFileReference; lastKnownFileType = text.plist.xml; path = Info.plist; sourceTree = "<group>"; };
		F2941CB526027F12007E4F0A /* PointsViewModel.swift */ = {isa = PBXFileReference; lastKnownFileType = sourcecode.swift; path = PointsViewModel.swift; sourceTree = "<group>"; };
		F29D073C2688929B008F8AAE /* Quotes.swift */ = {isa = PBXFileReference; lastKnownFileType = sourcecode.swift; path = Quotes.swift; sourceTree = "<group>"; };
		F29D073F2688A7AB008F8AAE /* get_quotes.json */ = {isa = PBXFileReference; fileEncoding = 4; lastKnownFileType = text.json; path = get_quotes.json; sourceTree = "<group>"; };
		F29D07422688BF34008F8AAE /* QuotesService.swift */ = {isa = PBXFileReference; lastKnownFileType = sourcecode.swift; path = QuotesService.swift; sourceTree = "<group>"; };
		F29D07442688FB73008F8AAE /* QuotesList.swift */ = {isa = PBXFileReference; lastKnownFileType = sourcecode.swift; path = QuotesList.swift; sourceTree = "<group>"; };
		F29D0746268A2119008F8AAE /* QuotesListLayout.swift */ = {isa = PBXFileReference; lastKnownFileType = sourcecode.swift; path = QuotesListLayout.swift; sourceTree = "<group>"; };
		F29DDD0F25FA8CAF00A3796F /* SummaryViewModel.swift */ = {isa = PBXFileReference; lastKnownFileType = sourcecode.swift; path = SummaryViewModel.swift; sourceTree = "<group>"; };
		F2B3215B25DC3A8E002CAA14 /* StockViewModel.swift */ = {isa = PBXFileReference; lastKnownFileType = sourcecode.swift; path = StockViewModel.swift; sourceTree = "<group>"; };
		F2B3216025DC3EC9002CAA14 /* UIView+Extensions.swift */ = {isa = PBXFileReference; lastKnownFileType = sourcecode.swift; path = "UIView+Extensions.swift"; sourceTree = "<group>"; };
		F2B3217225DC5623002CAA14 /* QuoteSnippet.swift */ = {isa = PBXFileReference; lastKnownFileType = sourcecode.swift; path = QuoteSnippet.swift; sourceTree = "<group>"; };
		F2B3217725DD315B002CAA14 /* MainBuilder.swift */ = {isa = PBXFileReference; lastKnownFileType = sourcecode.swift; path = MainBuilder.swift; sourceTree = "<group>"; };
		F2C9989A25E2579800810D2F /* Codable+Extensions.swift */ = {isa = PBXFileReference; lastKnownFileType = sourcecode.swift; path = "Codable+Extensions.swift"; sourceTree = "<group>"; };
		F2C998B225E57BB600810D2F /* FilterHeaderViewModel.swift */ = {isa = PBXFileReference; lastKnownFileType = sourcecode.swift; path = FilterHeaderViewModel.swift; sourceTree = "<group>"; };
		F2C998B525E57CC600810D2F /* HeaderFilterCell.swift */ = {isa = PBXFileReference; lastKnownFileType = sourcecode.swift; path = HeaderFilterCell.swift; sourceTree = "<group>"; };
		F2C998B825E57D6E00810D2F /* HeaderFilterView.swift */ = {isa = PBXFileReference; lastKnownFileType = sourcecode.swift; path = HeaderFilterView.swift; sourceTree = "<group>"; };
		F2CC4F23266D283C005B966D /* QuotesInteractor.swift */ = {isa = PBXFileReference; lastKnownFileType = sourcecode.swift; path = QuotesInteractor.swift; sourceTree = "<group>"; };
		F2CC4F26266D48CB005B966D /* QuotesRouter.swift */ = {isa = PBXFileReference; lastKnownFileType = sourcecode.swift; path = QuotesRouter.swift; sourceTree = "<group>"; };
		F2E1B29D25F93CBB00353EFC /* AAPL_Summary.json */ = {isa = PBXFileReference; fileEncoding = 4; lastKnownFileType = text.json; path = AAPL_Summary.json; sourceTree = "<group>"; };
		F2E1B2A025F93FB400353EFC /* YNDX_Summary.json */ = {isa = PBXFileReference; fileEncoding = 4; lastKnownFileType = text.json; path = YNDX_Summary.json; sourceTree = "<group>"; };
		F2E1B2A325F9442700353EFC /* SummaryModel.swift */ = {isa = PBXFileReference; lastKnownFileType = sourcecode.swift; path = SummaryModel.swift; sourceTree = "<group>"; };
		F2E9FF7F25F00B9100531AD5 /* ChartViewController.swift */ = {isa = PBXFileReference; lastKnownFileType = sourcecode.swift; path = ChartViewController.swift; sourceTree = "<group>"; };
		F2E9FF8225F00BD300531AD5 /* SummaryViewController.swift */ = {isa = PBXFileReference; lastKnownFileType = sourcecode.swift; path = SummaryViewController.swift; sourceTree = "<group>"; };
		F2EB70CB25FD11BC0032550E /* NewsCell.swift */ = {isa = PBXFileReference; lastKnownFileType = sourcecode.swift; path = NewsCell.swift; sourceTree = "<group>"; };
		F2EB70CE25FD26500032550E /* AAPL_News.json */ = {isa = PBXFileReference; fileEncoding = 4; lastKnownFileType = text.json; path = AAPL_News.json; sourceTree = "<group>"; };
		F2EB70D125FD26B50032550E /* NewsModel.swift */ = {isa = PBXFileReference; lastKnownFileType = sourcecode.swift; path = NewsModel.swift; sourceTree = "<group>"; };
		F2EB70D425FD27D40032550E /* NewsViewModel.swift */ = {isa = PBXFileReference; lastKnownFileType = sourcecode.swift; path = NewsViewModel.swift; sourceTree = "<group>"; };
		F2F4D03125F38A700033CBE3 /* CoordinateModel.swift */ = {isa = PBXFileReference; lastKnownFileType = sourcecode.swift; path = CoordinateModel.swift; sourceTree = "<group>"; };
		F2F6629C25F4DD1300B2F947 /* EpochButtonCell.swift */ = {isa = PBXFileReference; lastKnownFileType = sourcecode.swift; path = EpochButtonCell.swift; sourceTree = "<group>"; };
		F2F662A125F62DAA00B2F947 /* EpochCollectionView.swift */ = {isa = PBXFileReference; lastKnownFileType = sourcecode.swift; path = EpochCollectionView.swift; sourceTree = "<group>"; };
		F2FB4C9225F13B69005027B2 /* StockContainerViewController.swift */ = {isa = PBXFileReference; lastKnownFileType = sourcecode.swift; path = StockContainerViewController.swift; sourceTree = "<group>"; };
		F2FB4C9625F13BA3005027B2 /* NewsViewController.swift */ = {isa = PBXFileReference; lastKnownFileType = sourcecode.swift; path = NewsViewController.swift; sourceTree = "<group>"; };
		F2FCED74260116950051D077 /* CustomFlowLayout.swift */ = {isa = PBXFileReference; lastKnownFileType = sourcecode.swift; path = CustomFlowLayout.swift; sourceTree = "<group>"; };
		F2FF3D1025ED6BF800300286 /* StockHeaderView.swift */ = {isa = PBXFileReference; lastKnownFileType = sourcecode.swift; path = StockHeaderView.swift; sourceTree = "<group>"; };
		F2FF3D1425ED6D2F00300286 /* StockHeaderCell.swift */ = {isa = PBXFileReference; lastKnownFileType = sourcecode.swift; path = StockHeaderCell.swift; sourceTree = "<group>"; };
		F77CCED8EF7DC568CC8C0701 /* Pods_StockFortunes.framework */ = {isa = PBXFileReference; explicitFileType = wrapper.framework; includeInIndex = 0; path = Pods_StockFortunes.framework; sourceTree = BUILT_PRODUCTS_DIR; };
/* End PBXFileReference section */

/* Begin PBXFrameworksBuildPhase section */
		F286CDED25DBB4A700DC3DF9 /* Frameworks */ = {
			isa = PBXFrameworksBuildPhase;
			buildActionMask = 2147483647;
			files = (
				0134E761C1BE49DF4E83A308 /* Pods_StockFortunes.framework in Frameworks */,
			);
			runOnlyForDeploymentPostprocessing = 0;
		};
/* End PBXFrameworksBuildPhase section */

/* Begin PBXGroup section */
		7826D219DBF5A4038DBD44A8 /* Frameworks */ = {
			isa = PBXGroup;
			children = (
				F77CCED8EF7DC568CC8C0701 /* Pods_StockFortunes.framework */,
			);
			name = Frameworks;
			sourceTree = "<group>";
		};
		94138595B352DCD94A7380EE /* Pods */ = {
			isa = PBXGroup;
			children = (
				A820EB83294F09D31BEC1B36 /* Pods-StockFortunes.debug.xcconfig */,
				3B62AEABFAEB6E89CE09B3B6 /* Pods-StockFortunes.release.xcconfig */,
			);
			path = Pods;
			sourceTree = "<group>";
		};
		F2018AEF25DBFC0A0018D973 /* MainScreenModule */ = {
			isa = PBXGroup;
			children = (
				F27550D725E126AE00427C99 /* Builder */,
				F2018AF125DBFDAF0018D973 /* Model */,
				F2B3215A25DC3A79002CAA14 /* ViewModel */,
			);
			path = MainScreenModule;
			sourceTree = "<group>";
		};
		F2018AF025DBFDAA0018D973 /* View */ = {
			isa = PBXGroup;
			children = (
				F2B3217225DC5623002CAA14 /* QuoteSnippet.swift */,
				F2C998B525E57CC600810D2F /* HeaderFilterCell.swift */,
				F2C998B825E57D6E00810D2F /* HeaderFilterView.swift */,
				F286CDF725DBB4A700DC3DF9 /* StocksListViewController.swift */,
				F29D07442688FB73008F8AAE /* QuotesList.swift */,
				F29D0746268A2119008F8AAE /* QuotesListLayout.swift */,
			);
			path = View;
			sourceTree = "<group>";
		};
		F2018AF125DBFDAF0018D973 /* Model */ = {
			isa = PBXGroup;
			children = (
				F2018AF225DBFF180018D973 /* StockModel.swift */,
				F27550B625DFD0B500427C99 /* PeersModel.swift */,
			);
			path = Model;
			sourceTree = "<group>";
		};
		F21EFD2B265C322F002EF58D /* QuotesList */ = {
			isa = PBXGroup;
			children = (
				F2018AF025DBFDAA0018D973 /* View */,
				F26E0A51265C371000DBFCC2 /* QuotesProtocols.swift */,
				F24B8E6E265D6E9000C661C0 /* QuotesPresenter.swift */,
				F21EFD2D265C3310002EF58D /* QuotesViewController.swift */,
				F2CC4F23266D283C005B966D /* QuotesInteractor.swift */,
				F2CC4F26266D48CB005B966D /* QuotesRouter.swift */,
			);
			path = QuotesList;
			sourceTree = "<group>";
		};
		F21EFD2C265C325A002EF58D /* Modules */ = {
			isa = PBXGroup;
			children = (
				F29D07412688BF1B008F8AAE /* Services */,
				F29D073A26889282008F8AAE /* Common */,
				F21EFD2B265C322F002EF58D /* QuotesList */,
			);
			path = Modules;
			sourceTree = "<group>";
		};
		F2754F2D25DE890C00427C99 /* Constants */ = {
			isa = PBXGroup;
			children = (
				F2754F2E25DE891A00427C99 /* ServiceConstants.swift */,
				F2754F3325DE893700427C99 /* Constants.swift */,
			);
			path = Constants;
			sourceTree = "<group>";
		};
		F2754F4625DED9A400427C99 /* NetworkLayer */ = {
			isa = PBXGroup;
			children = (
				F275509C25DFA47D00427C99 /* Manager */,
				F275509125DFA36700427C99 /* Encoding */,
				F275508725DF988800427C99 /* Service */,
				F275508125DF936600427C99 /* EndPoint */,
			);
			path = NetworkLayer;
			sourceTree = "<group>";
		};
		F275508125DF936600427C99 /* EndPoint */ = {
			isa = PBXGroup;
			children = (
				F275508225DF945B00427C99 /* ServiceEndPoint.swift */,
			);
			path = EndPoint;
			sourceTree = "<group>";
		};
		F275508725DF988800427C99 /* Service */ = {
			isa = PBXGroup;
			children = (
				F275508825DF989800427C99 /* EndPointType.swift */,
				F275508B25DF98B600427C99 /* HTTPMethod.swift */,
				F275508E25DF98D300427C99 /* HTTPTask.swift */,
				F27550A025DFAA9700427C99 /* Router.swift */,
				F27550A325DFAB0000427C99 /* NetworkLogger.swift */,
			);
			path = Service;
			sourceTree = "<group>";
		};
		F275509125DFA36700427C99 /* Encoding */ = {
			isa = PBXGroup;
			children = (
				F275509225DFA39C00427C99 /* ParameterEncoding.swift */,
				F275509625DFA3C700427C99 /* URLParameterEncoding.swift */,
				F275509925DFA41000427C99 /* JSONParameterEncoder.swift */,
			);
			path = Encoding;
			sourceTree = "<group>";
		};
		F275509C25DFA47D00427C99 /* Manager */ = {
			isa = PBXGroup;
			children = (
				F275509D25DFA48F00427C99 /* NetworkManager.swift */,
			);
			path = Manager;
			sourceTree = "<group>";
		};
		F27550A825DFC69F00427C99 /* Sources */ = {
			isa = PBXGroup;
			children = (
				F29D073E2688A776008F8AAE /* YFRapid */,
				F27550AA25DFC6B400427C99 /* Mboum */,
				F27550A925DFC6A700427C99 /* Finhub */,
			);
			path = Sources;
			sourceTree = "<group>";
		};
		F27550A925DFC6A700427C99 /* Finhub */ = {
			isa = PBXGroup;
			children = (
				F27550BA25E017C500427C99 /* PeersList.json */,
				F27550BB25E017C500427C99 /* ProfileQuote.json */,
			);
			path = Finhub;
			sourceTree = "<group>";
		};
		F27550AA25DFC6B400427C99 /* Mboum */ = {
			isa = PBXGroup;
			children = (
				F2775719260D27690018FB7B /* AAPL_1h.json */,
				F262E2FA2606778800FBFBAB /* AAPL_1d.json */,
				F262E2F62606751D00FBFBAB /* AAPL_1wk.json */,
				F262E2E92605392A00FBFBAB /* AAPL_1mo.json */,
				F262E2EF2605415600FBFBAB /* AAPL_3mo.json */,
				F2EB70CE25FD26500032550E /* AAPL_News.json */,
				F2E1B29D25F93CBB00353EFC /* AAPL_Summary.json */,
				F2E1B2A025F93FB400353EFC /* YNDX_Summary.json */,
				F2563F2125FE338A008A34EA /* nke_Search.json */,
				F27550AE25DFC6D400427C99 /* MostWatched_2.json */,
				F27550AC25DFC6D400427C99 /* News_3.json */,
				F27550AB25DFC6D400427C99 /* initialStocks.json */,
				F27550D825E1273300427C99 /* QuoteList_testing.json */,
			);
			path = Mboum;
			sourceTree = "<group>";
		};
		F27550D725E126AE00427C99 /* Builder */ = {
			isa = PBXGroup;
			children = (
				F2489EE9260A68A800E2C1AB /* StocksDB.swift */,
				F2B3217725DD315B002CAA14 /* MainBuilder.swift */,
			);
			path = Builder;
			sourceTree = "<group>";
		};
		F286CDE725DBB4A600DC3DF9 = {
			isa = PBXGroup;
			children = (
				F286CDF225DBB4A700DC3DF9 /* StockFortunes */,
				F286CDF125DBB4A700DC3DF9 /* Products */,
				94138595B352DCD94A7380EE /* Pods */,
				7826D219DBF5A4038DBD44A8 /* Frameworks */,
			);
			sourceTree = "<group>";
		};
		F286CDF125DBB4A700DC3DF9 /* Products */ = {
			isa = PBXGroup;
			children = (
				F286CDF025DBB4A700DC3DF9 /* StockFortunes.app */,
			);
			name = Products;
			sourceTree = "<group>";
		};
		F286CDF225DBB4A700DC3DF9 /* StockFortunes */ = {
			isa = PBXGroup;
			children = (
				F21EFD2C265C325A002EF58D /* Modules */,
				F27550A825DFC69F00427C99 /* Sources */,
				F2754F4625DED9A400427C99 /* NetworkLayer */,
				F2563F2525FE5586008A34EA /* Mocks.swift */,
				F2B3215F25DC3EAD002CAA14 /* Utils */,
				F2018AEF25DBFC0A0018D973 /* MainScreenModule */,
				F2C998A025E26AD700810D2F /* StockDetailsModule */,
				F286CDF325DBB4A700DC3DF9 /* AppDelegate.swift */,
				F210E7F42609186E000B615A /* SaveLoadData.swift */,
				F286CDF525DBB4A700DC3DF9 /* SceneDelegate.swift */,
				F286CDF925DBB4A700DC3DF9 /* Main.storyboard */,
				F286CDFC25DBB4A900DC3DF9 /* Assets.xcassets */,
				F286CDFE25DBB4A900DC3DF9 /* LaunchScreen.storyboard */,
				F286CE0125DBB4A900DC3DF9 /* Info.plist */,
			);
			path = StockFortunes;
			sourceTree = "<group>";
		};
		F29D073A26889282008F8AAE /* Common */ = {
			isa = PBXGroup;
			children = (
				F29D073B2688928A008F8AAE /* Entities */,
			);
			path = Common;
			sourceTree = "<group>";
		};
		F29D073B2688928A008F8AAE /* Entities */ = {
			isa = PBXGroup;
			children = (
				F29D073C2688929B008F8AAE /* Quotes.swift */,
			);
			path = Entities;
			sourceTree = "<group>";
		};
		F29D073E2688A776008F8AAE /* YFRapid */ = {
			isa = PBXGroup;
			children = (
				F29D073F2688A7AB008F8AAE /* get_quotes.json */,
			);
			path = YFRapid;
			sourceTree = "<group>";
		};
		F29D07412688BF1B008F8AAE /* Services */ = {
			isa = PBXGroup;
			children = (
				F29D07422688BF34008F8AAE /* QuotesService.swift */,
			);
			path = Services;
			sourceTree = "<group>";
		};
		F2B3215A25DC3A79002CAA14 /* ViewModel */ = {
			isa = PBXGroup;
			children = (
				F2B3215B25DC3A8E002CAA14 /* StockViewModel.swift */,
				F2C998B225E57BB600810D2F /* FilterHeaderViewModel.swift */,
			);
			path = ViewModel;
			sourceTree = "<group>";
		};
		F2B3215F25DC3EAD002CAA14 /* Utils */ = {
			isa = PBXGroup;
			children = (
				F2754F2D25DE890C00427C99 /* Constants */,
				F2754F4025DE90F300427C99 /* ErrorKey.swift */,
				F2B3216025DC3EC9002CAA14 /* UIView+Extensions.swift */,
				F2754F4325DE936600427C99 /* String+Extensions.swift */,
				F2C9989A25E2579800810D2F /* Codable+Extensions.swift */,
			);
			path = Utils;
			sourceTree = "<group>";
		};
		F2C998A025E26AD700810D2F /* StockDetailsModule */ = {
			isa = PBXGroup;
			children = (
				F2F4D02F25F389BE0033CBE3 /* Model */,
				F2F4D03025F389C60033CBE3 /* ViewModel */,
				F2C998A125E26AF700810D2F /* View */,
			);
			path = StockDetailsModule;
			sourceTree = "<group>";
		};
		F2C998A125E26AF700810D2F /* View */ = {
			isa = PBXGroup;
			children = (
				F2FCED6F260115060051D077 /* Controllers */,
				F2FCED6E260114E30051D077 /* CellView */,
				F2FF3D1025ED6BF800300286 /* StockHeaderView.swift */,
				F2F662A125F62DAA00B2F947 /* EpochCollectionView.swift */,
				F2FCED74260116950051D077 /* CustomFlowLayout.swift */,
			);
			path = View;
			sourceTree = "<group>";
		};
		F2F4D02F25F389BE0033CBE3 /* Model */ = {
			isa = PBXGroup;
			children = (
				F2F4D03125F38A700033CBE3 /* CoordinateModel.swift */,
				F2E1B2A325F9442700353EFC /* SummaryModel.swift */,
				F2EB70D125FD26B50032550E /* NewsModel.swift */,
			);
			path = Model;
			sourceTree = "<group>";
		};
		F2F4D03025F389C60033CBE3 /* ViewModel */ = {
			isa = PBXGroup;
			children = (
				F2941CB526027F12007E4F0A /* PointsViewModel.swift */,
				F29DDD0F25FA8CAF00A3796F /* SummaryViewModel.swift */,
				F2EB70D425FD27D40032550E /* NewsViewModel.swift */,
				F262E2FE2606835000FBFBAB /* PointsEnums.swift */,
			);
			path = ViewModel;
			sourceTree = "<group>";
		};
		F2FCED6E260114E30051D077 /* CellView */ = {
			isa = PBXGroup;
			children = (
				F2F6629C25F4DD1300B2F947 /* EpochButtonCell.swift */,
				F2FF3D1425ED6D2F00300286 /* StockHeaderCell.swift */,
				F2EB70CB25FD11BC0032550E /* NewsCell.swift */,
			);
			path = CellView;
			sourceTree = "<group>";
		};
		F2FCED6F260115060051D077 /* Controllers */ = {
			isa = PBXGroup;
			children = (
				F2FB4C9225F13B69005027B2 /* StockContainerViewController.swift */,
				F2E9FF7F25F00B9100531AD5 /* ChartViewController.swift */,
				F2E9FF8225F00BD300531AD5 /* SummaryViewController.swift */,
				F2FB4C9625F13BA3005027B2 /* NewsViewController.swift */,
			);
			path = Controllers;
			sourceTree = "<group>";
		};
/* End PBXGroup section */

/* Begin PBXNativeTarget section */
		F286CDEF25DBB4A700DC3DF9 /* StockFortunes */ = {
			isa = PBXNativeTarget;
			buildConfigurationList = F286CE0425DBB4A900DC3DF9 /* Build configuration list for PBXNativeTarget "StockFortunes" */;
			buildPhases = (
				601429ADCC98DD6E8A640DAD /* [CP] Check Pods Manifest.lock */,
				F286CDEC25DBB4A700DC3DF9 /* Sources */,
				F286CDED25DBB4A700DC3DF9 /* Frameworks */,
				F286CDEE25DBB4A700DC3DF9 /* Resources */,
				597BA15C1659EA619378A104 /* [CP] Embed Pods Frameworks */,
			);
			buildRules = (
			);
			dependencies = (
			);
			name = StockFortunes;
			productName = StockFortunes;
			productReference = F286CDF025DBB4A700DC3DF9 /* StockFortunes.app */;
			productType = "com.apple.product-type.application";
		};
/* End PBXNativeTarget section */

/* Begin PBXProject section */
		F286CDE825DBB4A600DC3DF9 /* Project object */ = {
			isa = PBXProject;
			attributes = {
				LastSwiftUpdateCheck = 1240;
				LastUpgradeCheck = 1240;
				TargetAttributes = {
					F286CDEF25DBB4A700DC3DF9 = {
						CreatedOnToolsVersion = 12.4;
					};
				};
			};
			buildConfigurationList = F286CDEB25DBB4A600DC3DF9 /* Build configuration list for PBXProject "StockFortunes" */;
			compatibilityVersion = "Xcode 9.3";
			developmentRegion = en;
			hasScannedForEncodings = 0;
			knownRegions = (
				en,
				Base,
			);
			mainGroup = F286CDE725DBB4A600DC3DF9;
			productRefGroup = F286CDF125DBB4A700DC3DF9 /* Products */;
			projectDirPath = "";
			projectRoot = "";
			targets = (
				F286CDEF25DBB4A700DC3DF9 /* StockFortunes */,
			);
		};
/* End PBXProject section */

/* Begin PBXResourcesBuildPhase section */
		F286CDEE25DBB4A700DC3DF9 /* Resources */ = {
			isa = PBXResourcesBuildPhase;
			buildActionMask = 2147483647;
			files = (
				F2E1B29E25F93CBB00353EFC /* AAPL_Summary.json in Resources */,
				F262E2F72606751D00FBFBAB /* AAPL_1wk.json in Resources */,
				F27550D925E1273300427C99 /* QuoteList_testing.json in Resources */,
				F262E2F02605415600FBFBAB /* AAPL_3mo.json in Resources */,
				F286CE0025DBB4A900DC3DF9 /* LaunchScreen.storyboard in Resources */,
				F29D07402688A7AB008F8AAE /* get_quotes.json in Resources */,
				F27550BC25E017C500427C99 /* PeersList.json in Resources */,
				F286CDFD25DBB4A900DC3DF9 /* Assets.xcassets in Resources */,
				F27550B225DFC6D400427C99 /* MostWatched_2.json in Resources */,
				F27550B025DFC6D400427C99 /* News_3.json in Resources */,
				F27550AF25DFC6D400427C99 /* initialStocks.json in Resources */,
				F2EB70CF25FD26500032550E /* AAPL_News.json in Resources */,
				F262E2FB2606778800FBFBAB /* AAPL_1d.json in Resources */,
				F277571A260D27690018FB7B /* AAPL_1h.json in Resources */,
				F2563F2225FE338A008A34EA /* nke_Search.json in Resources */,
				F27550BD25E017C500427C99 /* ProfileQuote.json in Resources */,
				F286CDFB25DBB4A700DC3DF9 /* Main.storyboard in Resources */,
				F2E1B2A125F93FB400353EFC /* YNDX_Summary.json in Resources */,
				F262E2EA2605392A00FBFBAB /* AAPL_1mo.json in Resources */,
			);
			runOnlyForDeploymentPostprocessing = 0;
		};
/* End PBXResourcesBuildPhase section */

/* Begin PBXShellScriptBuildPhase section */
		597BA15C1659EA619378A104 /* [CP] Embed Pods Frameworks */ = {
			isa = PBXShellScriptBuildPhase;
			buildActionMask = 2147483647;
			files = (
			);
			inputFileListPaths = (
				"${PODS_ROOT}/Target Support Files/Pods-StockFortunes/Pods-StockFortunes-frameworks-${CONFIGURATION}-input-files.xcfilelist",
			);
			name = "[CP] Embed Pods Frameworks";
			outputFileListPaths = (
				"${PODS_ROOT}/Target Support Files/Pods-StockFortunes/Pods-StockFortunes-frameworks-${CONFIGURATION}-output-files.xcfilelist",
			);
			runOnlyForDeploymentPostprocessing = 0;
			shellPath = /bin/sh;
			shellScript = "\"${PODS_ROOT}/Target Support Files/Pods-StockFortunes/Pods-StockFortunes-frameworks.sh\"\n";
			showEnvVarsInLog = 0;
		};
		601429ADCC98DD6E8A640DAD /* [CP] Check Pods Manifest.lock */ = {
			isa = PBXShellScriptBuildPhase;
			buildActionMask = 2147483647;
			files = (
			);
			inputFileListPaths = (
			);
			inputPaths = (
				"${PODS_PODFILE_DIR_PATH}/Podfile.lock",
				"${PODS_ROOT}/Manifest.lock",
			);
			name = "[CP] Check Pods Manifest.lock";
			outputFileListPaths = (
			);
			outputPaths = (
				"$(DERIVED_FILE_DIR)/Pods-StockFortunes-checkManifestLockResult.txt",
			);
			runOnlyForDeploymentPostprocessing = 0;
			shellPath = /bin/sh;
			shellScript = "diff \"${PODS_PODFILE_DIR_PATH}/Podfile.lock\" \"${PODS_ROOT}/Manifest.lock\" > /dev/null\nif [ $? != 0 ] ; then\n    # print error to STDERR\n    echo \"error: The sandbox is not in sync with the Podfile.lock. Run 'pod install' or update your CocoaPods installation.\" >&2\n    exit 1\nfi\n# This output is used by Xcode 'outputs' to avoid re-running this script phase.\necho \"SUCCESS\" > \"${SCRIPT_OUTPUT_FILE_0}\"\n";
			showEnvVarsInLog = 0;
		};
/* End PBXShellScriptBuildPhase section */

/* Begin PBXSourcesBuildPhase section */
		F286CDEC25DBB4A700DC3DF9 /* Sources */ = {
			isa = PBXSourcesBuildPhase;
			buildActionMask = 2147483647;
			files = (
				F2EB70D225FD26B50032550E /* NewsModel.swift in Sources */,
				F2754F4425DE936600427C99 /* String+Extensions.swift in Sources */,
				F2C998B925E57D6E00810D2F /* HeaderFilterView.swift in Sources */,
				F262E2FF2606835000FBFBAB /* PointsEnums.swift in Sources */,
				F29D073D2688929B008F8AAE /* Quotes.swift in Sources */,
				F2754F3425DE893700427C99 /* Constants.swift in Sources */,
				F286CDF825DBB4A700DC3DF9 /* StocksListViewController.swift in Sources */,
				F286CDF425DBB4A700DC3DF9 /* AppDelegate.swift in Sources */,
				F2FF3D1125ED6BF800300286 /* StockHeaderView.swift in Sources */,
				F275508325DF945B00427C99 /* ServiceEndPoint.swift in Sources */,
				F29DDD1025FA8CAF00A3796F /* SummaryViewModel.swift in Sources */,
				F2E1B2A425F9442700353EFC /* SummaryModel.swift in Sources */,
				F2B3217825DD315B002CAA14 /* MainBuilder.swift in Sources */,
				F275509A25DFA41000427C99 /* JSONParameterEncoder.swift in Sources */,
				F2FF3D1525ED6D2F00300286 /* StockHeaderCell.swift in Sources */,
				F286CDF625DBB4A700DC3DF9 /* SceneDelegate.swift in Sources */,
				F275509E25DFA48F00427C99 /* NetworkManager.swift in Sources */,
				F2FB4C9325F13B69005027B2 /* StockContainerViewController.swift in Sources */,
				F26E0A52265C371000DBFCC2 /* QuotesProtocols.swift in Sources */,
				F2563F2625FE5586008A34EA /* Mocks.swift in Sources */,
				F24B8E6F265D6E9000C661C0 /* QuotesPresenter.swift in Sources */,
				F2E9FF8025F00B9100531AD5 /* ChartViewController.swift in Sources */,
				F2018AF325DBFF180018D973 /* StockModel.swift in Sources */,
				F2E9FF8325F00BD300531AD5 /* SummaryViewController.swift in Sources */,
				F2EB70CC25FD11BC0032550E /* NewsCell.swift in Sources */,
				F2B3215C25DC3A8E002CAA14 /* StockViewModel.swift in Sources */,
				F275509725DFA3C700427C99 /* URLParameterEncoding.swift in Sources */,
				F275508F25DF98D300427C99 /* HTTPTask.swift in Sources */,
				F2FB4C9725F13BA3005027B2 /* NewsViewController.swift in Sources */,
				F2B3217325DC5623002CAA14 /* QuoteSnippet.swift in Sources */,
				F27550A125DFAA9700427C99 /* Router.swift in Sources */,
				F2F6629D25F4DD1300B2F947 /* EpochButtonCell.swift in Sources */,
				F2C998B325E57BB600810D2F /* FilterHeaderViewModel.swift in Sources */,
				F210E7F52609186E000B615A /* SaveLoadData.swift in Sources */,
				F2941CB626027F12007E4F0A /* PointsViewModel.swift in Sources */,
				F2489EEA260A68A800E2C1AB /* StocksDB.swift in Sources */,
				F27550A425DFAB0000427C99 /* NetworkLogger.swift in Sources */,
				F2754F4125DE90F300427C99 /* ErrorKey.swift in Sources */,
				F275509325DFA39C00427C99 /* ParameterEncoding.swift in Sources */,
				F2FCED75260116950051D077 /* CustomFlowLayout.swift in Sources */,
				F29D0747268A2119008F8AAE /* QuotesListLayout.swift in Sources */,
				F2CC4F27266D48CB005B966D /* QuotesRouter.swift in Sources */,
				F21EFD2E265C3310002EF58D /* QuotesViewController.swift in Sources */,
				F29D07452688FB73008F8AAE /* QuotesList.swift in Sources */,
				F275508C25DF98B600427C99 /* HTTPMethod.swift in Sources */,
				F2F4D03225F38A700033CBE3 /* CoordinateModel.swift in Sources */,
				F2C998B625E57CC600810D2F /* HeaderFilterCell.swift in Sources */,
				F2EB70D525FD27D40032550E /* NewsViewModel.swift in Sources */,
				F2C9989B25E2579800810D2F /* Codable+Extensions.swift in Sources */,
				F2B3216125DC3EC9002CAA14 /* UIView+Extensions.swift in Sources */,
				F275508925DF989800427C99 /* EndPointType.swift in Sources */,
				F2754F2F25DE891A00427C99 /* ServiceConstants.swift in Sources */,
				F27550B725DFD0B500427C99 /* PeersModel.swift in Sources */,
				F2CC4F24266D283C005B966D /* QuotesInteractor.swift in Sources */,
				F29D07432688BF34008F8AAE /* QuotesService.swift in Sources */,
				F2F662A225F62DAA00B2F947 /* EpochCollectionView.swift in Sources */,
			);
			runOnlyForDeploymentPostprocessing = 0;
		};
/* End PBXSourcesBuildPhase section */

/* Begin PBXVariantGroup section */
		F286CDF925DBB4A700DC3DF9 /* Main.storyboard */ = {
			isa = PBXVariantGroup;
			children = (
				F286CDFA25DBB4A700DC3DF9 /* Base */,
			);
			name = Main.storyboard;
			sourceTree = "<group>";
		};
		F286CDFE25DBB4A900DC3DF9 /* LaunchScreen.storyboard */ = {
			isa = PBXVariantGroup;
			children = (
				F286CDFF25DBB4A900DC3DF9 /* Base */,
			);
			name = LaunchScreen.storyboard;
			sourceTree = "<group>";
		};
/* End PBXVariantGroup section */

/* Begin XCBuildConfiguration section */
		F286CE0225DBB4A900DC3DF9 /* Debug */ = {
			isa = XCBuildConfiguration;
			buildSettings = {
				ALWAYS_SEARCH_USER_PATHS = NO;
				CLANG_ANALYZER_NONNULL = YES;
				CLANG_ANALYZER_NUMBER_OBJECT_CONVERSION = YES_AGGRESSIVE;
				CLANG_CXX_LANGUAGE_STANDARD = "gnu++14";
				CLANG_CXX_LIBRARY = "libc++";
				CLANG_ENABLE_MODULES = YES;
				CLANG_ENABLE_OBJC_ARC = YES;
				CLANG_ENABLE_OBJC_WEAK = YES;
				CLANG_WARN_BLOCK_CAPTURE_AUTORELEASING = YES;
				CLANG_WARN_BOOL_CONVERSION = YES;
				CLANG_WARN_COMMA = YES;
				CLANG_WARN_CONSTANT_CONVERSION = YES;
				CLANG_WARN_DEPRECATED_OBJC_IMPLEMENTATIONS = YES;
				CLANG_WARN_DIRECT_OBJC_ISA_USAGE = YES_ERROR;
				CLANG_WARN_DOCUMENTATION_COMMENTS = YES;
				CLANG_WARN_EMPTY_BODY = YES;
				CLANG_WARN_ENUM_CONVERSION = YES;
				CLANG_WARN_INFINITE_RECURSION = YES;
				CLANG_WARN_INT_CONVERSION = YES;
				CLANG_WARN_NON_LITERAL_NULL_CONVERSION = YES;
				CLANG_WARN_OBJC_IMPLICIT_RETAIN_SELF = YES;
				CLANG_WARN_OBJC_LITERAL_CONVERSION = YES;
				CLANG_WARN_OBJC_ROOT_CLASS = YES_ERROR;
				CLANG_WARN_QUOTED_INCLUDE_IN_FRAMEWORK_HEADER = YES;
				CLANG_WARN_RANGE_LOOP_ANALYSIS = YES;
				CLANG_WARN_STRICT_PROTOTYPES = YES;
				CLANG_WARN_SUSPICIOUS_MOVE = YES;
				CLANG_WARN_UNGUARDED_AVAILABILITY = YES_AGGRESSIVE;
				CLANG_WARN_UNREACHABLE_CODE = YES;
				CLANG_WARN__DUPLICATE_METHOD_MATCH = YES;
				COPY_PHASE_STRIP = NO;
				DEBUG_INFORMATION_FORMAT = dwarf;
				ENABLE_STRICT_OBJC_MSGSEND = YES;
				ENABLE_TESTABILITY = YES;
				GCC_C_LANGUAGE_STANDARD = gnu11;
				GCC_DYNAMIC_NO_PIC = NO;
				GCC_NO_COMMON_BLOCKS = YES;
				GCC_OPTIMIZATION_LEVEL = 0;
				GCC_PREPROCESSOR_DEFINITIONS = (
					"DEBUG=1",
					"$(inherited)",
				);
				GCC_WARN_64_TO_32_BIT_CONVERSION = YES;
				GCC_WARN_ABOUT_RETURN_TYPE = YES_ERROR;
				GCC_WARN_UNDECLARED_SELECTOR = YES;
				GCC_WARN_UNINITIALIZED_AUTOS = YES_AGGRESSIVE;
				GCC_WARN_UNUSED_FUNCTION = YES;
				GCC_WARN_UNUSED_VARIABLE = YES;
				IPHONEOS_DEPLOYMENT_TARGET = 14.4;
				MTL_ENABLE_DEBUG_INFO = INCLUDE_SOURCE;
				MTL_FAST_MATH = YES;
				ONLY_ACTIVE_ARCH = YES;
				SDKROOT = iphoneos;
				SWIFT_ACTIVE_COMPILATION_CONDITIONS = DEBUG;
				SWIFT_OPTIMIZATION_LEVEL = "-Onone";
			};
			name = Debug;
		};
		F286CE0325DBB4A900DC3DF9 /* Release */ = {
			isa = XCBuildConfiguration;
			buildSettings = {
				ALWAYS_SEARCH_USER_PATHS = NO;
				CLANG_ANALYZER_NONNULL = YES;
				CLANG_ANALYZER_NUMBER_OBJECT_CONVERSION = YES_AGGRESSIVE;
				CLANG_CXX_LANGUAGE_STANDARD = "gnu++14";
				CLANG_CXX_LIBRARY = "libc++";
				CLANG_ENABLE_MODULES = YES;
				CLANG_ENABLE_OBJC_ARC = YES;
				CLANG_ENABLE_OBJC_WEAK = YES;
				CLANG_WARN_BLOCK_CAPTURE_AUTORELEASING = YES;
				CLANG_WARN_BOOL_CONVERSION = YES;
				CLANG_WARN_COMMA = YES;
				CLANG_WARN_CONSTANT_CONVERSION = YES;
				CLANG_WARN_DEPRECATED_OBJC_IMPLEMENTATIONS = YES;
				CLANG_WARN_DIRECT_OBJC_ISA_USAGE = YES_ERROR;
				CLANG_WARN_DOCUMENTATION_COMMENTS = YES;
				CLANG_WARN_EMPTY_BODY = YES;
				CLANG_WARN_ENUM_CONVERSION = YES;
				CLANG_WARN_INFINITE_RECURSION = YES;
				CLANG_WARN_INT_CONVERSION = YES;
				CLANG_WARN_NON_LITERAL_NULL_CONVERSION = YES;
				CLANG_WARN_OBJC_IMPLICIT_RETAIN_SELF = YES;
				CLANG_WARN_OBJC_LITERAL_CONVERSION = YES;
				CLANG_WARN_OBJC_ROOT_CLASS = YES_ERROR;
				CLANG_WARN_QUOTED_INCLUDE_IN_FRAMEWORK_HEADER = YES;
				CLANG_WARN_RANGE_LOOP_ANALYSIS = YES;
				CLANG_WARN_STRICT_PROTOTYPES = YES;
				CLANG_WARN_SUSPICIOUS_MOVE = YES;
				CLANG_WARN_UNGUARDED_AVAILABILITY = YES_AGGRESSIVE;
				CLANG_WARN_UNREACHABLE_CODE = YES;
				CLANG_WARN__DUPLICATE_METHOD_MATCH = YES;
				COPY_PHASE_STRIP = NO;
				DEBUG_INFORMATION_FORMAT = "dwarf-with-dsym";
				ENABLE_NS_ASSERTIONS = NO;
				ENABLE_STRICT_OBJC_MSGSEND = YES;
				GCC_C_LANGUAGE_STANDARD = gnu11;
				GCC_NO_COMMON_BLOCKS = YES;
				GCC_WARN_64_TO_32_BIT_CONVERSION = YES;
				GCC_WARN_ABOUT_RETURN_TYPE = YES_ERROR;
				GCC_WARN_UNDECLARED_SELECTOR = YES;
				GCC_WARN_UNINITIALIZED_AUTOS = YES_AGGRESSIVE;
				GCC_WARN_UNUSED_FUNCTION = YES;
				GCC_WARN_UNUSED_VARIABLE = YES;
				IPHONEOS_DEPLOYMENT_TARGET = 14.4;
				MTL_ENABLE_DEBUG_INFO = NO;
				MTL_FAST_MATH = YES;
				SDKROOT = iphoneos;
				SWIFT_COMPILATION_MODE = wholemodule;
				SWIFT_OPTIMIZATION_LEVEL = "-O";
				VALIDATE_PRODUCT = YES;
			};
			name = Release;
		};
		F286CE0525DBB4A900DC3DF9 /* Debug */ = {
			isa = XCBuildConfiguration;
			baseConfigurationReference = A820EB83294F09D31BEC1B36 /* Pods-StockFortunes.debug.xcconfig */;
			buildSettings = {
				ASSETCATALOG_COMPILER_APPICON_NAME = AppIcon;
				ASSETCATALOG_COMPILER_GLOBAL_ACCENT_COLOR_NAME = AccentColor;
				CODE_SIGN_STYLE = Automatic;
				DEVELOPMENT_TEAM = 4T74GXKT7M;
				INFOPLIST_FILE = StockFortunes/Info.plist;
				IPHONEOS_DEPLOYMENT_TARGET = 12.3;
				LD_RUNPATH_SEARCH_PATHS = (
					"$(inherited)",
					"@executable_path/Frameworks",
				);
				PRODUCT_BUNDLE_IDENTIFIER = com.schenkeman.StockFortunes;
				PRODUCT_NAME = "$(TARGET_NAME)";
				SWIFT_VERSION = 5.0;
				TARGETED_DEVICE_FAMILY = 1;
			};
			name = Debug;
		};
		F286CE0625DBB4A900DC3DF9 /* Release */ = {
			isa = XCBuildConfiguration;
			baseConfigurationReference = 3B62AEABFAEB6E89CE09B3B6 /* Pods-StockFortunes.release.xcconfig */;
			buildSettings = {
				ASSETCATALOG_COMPILER_APPICON_NAME = AppIcon;
				ASSETCATALOG_COMPILER_GLOBAL_ACCENT_COLOR_NAME = AccentColor;
				CODE_SIGN_STYLE = Automatic;
				DEVELOPMENT_TEAM = 4T74GXKT7M;
				INFOPLIST_FILE = StockFortunes/Info.plist;
				IPHONEOS_DEPLOYMENT_TARGET = 12.3;
				LD_RUNPATH_SEARCH_PATHS = (
					"$(inherited)",
					"@executable_path/Frameworks",
				);
				PRODUCT_BUNDLE_IDENTIFIER = com.schenkeman.StockFortunes;
				PRODUCT_NAME = "$(TARGET_NAME)";
				SWIFT_VERSION = 5.0;
				TARGETED_DEVICE_FAMILY = 1;
			};
			name = Release;
		};
/* End XCBuildConfiguration section */

/* Begin XCConfigurationList section */
		F286CDEB25DBB4A600DC3DF9 /* Build configuration list for PBXProject "StockFortunes" */ = {
			isa = XCConfigurationList;
			buildConfigurations = (
				F286CE0225DBB4A900DC3DF9 /* Debug */,
				F286CE0325DBB4A900DC3DF9 /* Release */,
			);
			defaultConfigurationIsVisible = 0;
			defaultConfigurationName = Release;
		};
		F286CE0425DBB4A900DC3DF9 /* Build configuration list for PBXNativeTarget "StockFortunes" */ = {
			isa = XCConfigurationList;
			buildConfigurations = (
				F286CE0525DBB4A900DC3DF9 /* Debug */,
				F286CE0625DBB4A900DC3DF9 /* Release */,
			);
			defaultConfigurationIsVisible = 0;
			defaultConfigurationName = Release;
		};
/* End XCConfigurationList section */
	};
	rootObject = F286CDE825DBB4A600DC3DF9 /* Project object */;
}
